// !$*UTF8*$!
{
	archiveVersion = 1;
	classes = {
	};
	objectVersion = 46;
	objects = {

/* Begin PBXBuildFile section */
		687A337FE5A063A68569D4E1 /* Pods_MessagesExtension.framework in Frameworks */ = {isa = PBXBuildFile; fileRef = 2C6E9FBB3CB783A6E87BECB5 /* Pods_MessagesExtension.framework */; };
		7BA187781E4D5B38008DEF35 /* Service.swift in Sources */ = {isa = PBXBuildFile; fileRef = 7BA187771E4D5B38008DEF35 /* Service.swift */; };
		7BA1877A1E4D5DA7008DEF35 /* PetImage.swift in Sources */ = {isa = PBXBuildFile; fileRef = 7BA187791E4D5DA7008DEF35 /* PetImage.swift */; };
		7BA1877C1E4D5F11008DEF35 /* GridDataSource.swift in Sources */ = {isa = PBXBuildFile; fileRef = 7BA1877B1E4D5F11008DEF35 /* GridDataSource.swift */; };
		7BCAF6FB1E33189A006B2697 /* Assets.xcassets in Resources */ = {isa = PBXBuildFile; fileRef = 7BCAF6FA1E33189A006B2697 /* Assets.xcassets */; };
		7BCAF7021E33189A006B2697 /* MessagesExtension.appex in Embed App Extensions */ = {isa = PBXBuildFile; fileRef = 7BCAF7011E33189A006B2697 /* MessagesExtension.appex */; settings = {ATTRIBUTES = (RemoveHeadersOnCopy, ); }; };
		7BCAF7071E33189A006B2697 /* Messages.framework in Frameworks */ = {isa = PBXBuildFile; fileRef = 7BCAF7061E33189A006B2697 /* Messages.framework */; };
		7BCAF70A1E33189A006B2697 /* MessagesViewController.swift in Sources */ = {isa = PBXBuildFile; fileRef = 7BCAF7091E33189A006B2697 /* MessagesViewController.swift */; };
		7BCAF70D1E33189A006B2697 /* MainInterface.storyboard in Resources */ = {isa = PBXBuildFile; fileRef = 7BCAF70B1E33189A006B2697 /* MainInterface.storyboard */; };
		7BCAF70F1E33189A006B2697 /* Assets.xcassets in Resources */ = {isa = PBXBuildFile; fileRef = 7BCAF70E1E33189A006B2697 /* Assets.xcassets */; };
		7BCAF71B1E331F85006B2697 /* GridVC.swift in Sources */ = {isa = PBXBuildFile; fileRef = 7BCAF71A1E331F85006B2697 /* GridVC.swift */; };
		7BCAF71D1E331F8B006B2697 /* GridLayout.swift in Sources */ = {isa = PBXBuildFile; fileRef = 7BCAF71C1E331F8B006B2697 /* GridLayout.swift */; };
		7BCAF71F1E331FAB006B2697 /* ImageCell.swift in Sources */ = {isa = PBXBuildFile; fileRef = 7BCAF71E1E331FAB006B2697 /* ImageCell.swift */; };
		FC7EED7919299EC0CBF513C5 /* Pods_PetChat.framework in Frameworks */ = {isa = PBXBuildFile; fileRef = 2C373A439D42E55F0C323AD9 /* Pods_PetChat.framework */; };
/* End PBXBuildFile section */

/* Begin PBXContainerItemProxy section */
		7BCAF7031E33189A006B2697 /* PBXContainerItemProxy */ = {
			isa = PBXContainerItemProxy;
			containerPortal = 7BCAF6F11E33189A006B2697 /* Project object */;
			proxyType = 1;
			remoteGlobalIDString = 7BCAF7001E33189A006B2697;
			remoteInfo = MessagesExtension;
		};
/* End PBXContainerItemProxy section */

/* Begin PBXCopyFilesBuildPhase section */
		7BCAF7161E33189A006B2697 /* Embed App Extensions */ = {
			isa = PBXCopyFilesBuildPhase;
			buildActionMask = 2147483647;
			dstPath = "";
			dstSubfolderSpec = 13;
			files = (
				7BCAF7021E33189A006B2697 /* MessagesExtension.appex in Embed App Extensions */,
			);
			name = "Embed App Extensions";
			runOnlyForDeploymentPostprocessing = 0;
		};
/* End PBXCopyFilesBuildPhase section */

/* Begin PBXFileReference section */
		2C373A439D42E55F0C323AD9 /* Pods_PetChat.framework */ = {isa = PBXFileReference; explicitFileType = wrapper.framework; includeInIndex = 0; path = Pods_PetChat.framework; sourceTree = BUILT_PRODUCTS_DIR; };
		2C6E9FBB3CB783A6E87BECB5 /* Pods_MessagesExtension.framework */ = {isa = PBXFileReference; explicitFileType = wrapper.framework; includeInIndex = 0; path = Pods_MessagesExtension.framework; sourceTree = BUILT_PRODUCTS_DIR; };
		65EF8A9E8B2FF8C235E04B87 /* Pods-PetChat.release.xcconfig */ = {isa = PBXFileReference; includeInIndex = 1; lastKnownFileType = text.xcconfig; name = "Pods-PetChat.release.xcconfig"; path = "Pods/Target Support Files/Pods-PetChat/Pods-PetChat.release.xcconfig"; sourceTree = "<group>"; };
		7BA187771E4D5B38008DEF35 /* Service.swift */ = {isa = PBXFileReference; fileEncoding = 4; lastKnownFileType = sourcecode.swift; path = Service.swift; sourceTree = "<group>"; };
		7BA187791E4D5DA7008DEF35 /* PetImage.swift */ = {isa = PBXFileReference; fileEncoding = 4; lastKnownFileType = sourcecode.swift; path = PetImage.swift; sourceTree = "<group>"; };
		7BA1877B1E4D5F11008DEF35 /* GridDataSource.swift */ = {isa = PBXFileReference; fileEncoding = 4; lastKnownFileType = sourcecode.swift; path = GridDataSource.swift; sourceTree = "<group>"; };
		7BCAF6F71E33189A006B2697 /* PetChat.app */ = {isa = PBXFileReference; explicitFileType = wrapper.application; includeInIndex = 0; path = PetChat.app; sourceTree = BUILT_PRODUCTS_DIR; };
		7BCAF6FA1E33189A006B2697 /* Assets.xcassets */ = {isa = PBXFileReference; lastKnownFileType = folder.assetcatalog; path = Assets.xcassets; sourceTree = "<group>"; };
		7BCAF6FC1E33189A006B2697 /* Info.plist */ = {isa = PBXFileReference; lastKnownFileType = text.plist.xml; path = Info.plist; sourceTree = "<group>"; };
		7BCAF7011E33189A006B2697 /* MessagesExtension.appex */ = {isa = PBXFileReference; explicitFileType = "wrapper.app-extension"; includeInIndex = 0; path = MessagesExtension.appex; sourceTree = BUILT_PRODUCTS_DIR; };
		7BCAF7061E33189A006B2697 /* Messages.framework */ = {isa = PBXFileReference; lastKnownFileType = wrapper.framework; name = Messages.framework; path = System/Library/Frameworks/Messages.framework; sourceTree = SDKROOT; };
		7BCAF7091E33189A006B2697 /* MessagesViewController.swift */ = {isa = PBXFileReference; lastKnownFileType = sourcecode.swift; path = MessagesViewController.swift; sourceTree = "<group>"; };
		7BCAF70C1E33189A006B2697 /* Base */ = {isa = PBXFileReference; lastKnownFileType = file.storyboard; name = Base; path = Base.lproj/MainInterface.storyboard; sourceTree = "<group>"; };
		7BCAF70E1E33189A006B2697 /* Assets.xcassets */ = {isa = PBXFileReference; lastKnownFileType = folder.assetcatalog; path = Assets.xcassets; sourceTree = "<group>"; };
		7BCAF7101E33189A006B2697 /* Info.plist */ = {isa = PBXFileReference; lastKnownFileType = text.plist.xml; path = Info.plist; sourceTree = "<group>"; };
		7BCAF71A1E331F85006B2697 /* GridVC.swift */ = {isa = PBXFileReference; fileEncoding = 4; lastKnownFileType = sourcecode.swift; path = GridVC.swift; sourceTree = "<group>"; };
		7BCAF71C1E331F8B006B2697 /* GridLayout.swift */ = {isa = PBXFileReference; fileEncoding = 4; lastKnownFileType = sourcecode.swift; path = GridLayout.swift; sourceTree = "<group>"; };
		7BCAF71E1E331FAB006B2697 /* ImageCell.swift */ = {isa = PBXFileReference; fileEncoding = 4; lastKnownFileType = sourcecode.swift; path = ImageCell.swift; sourceTree = "<group>"; };
		9CE2787DBBCEE05510C9BCCB /* Pods-PetChat.debug.xcconfig */ = {isa = PBXFileReference; includeInIndex = 1; lastKnownFileType = text.xcconfig; name = "Pods-PetChat.debug.xcconfig"; path = "Pods/Target Support Files/Pods-PetChat/Pods-PetChat.debug.xcconfig"; sourceTree = "<group>"; };
		A7ED45953B5FE9BA0FC4CBCD /* Pods-MessagesExtension.debug.xcconfig */ = {isa = PBXFileReference; includeInIndex = 1; lastKnownFileType = text.xcconfig; name = "Pods-MessagesExtension.debug.xcconfig"; path = "Pods/Target Support Files/Pods-MessagesExtension/Pods-MessagesExtension.debug.xcconfig"; sourceTree = "<group>"; };
		D0B887F421CF1C4FD1466AED /* Pods-MessagesExtension.release.xcconfig */ = {isa = PBXFileReference; includeInIndex = 1; lastKnownFileType = text.xcconfig; name = "Pods-MessagesExtension.release.xcconfig"; path = "Pods/Target Support Files/Pods-MessagesExtension/Pods-MessagesExtension.release.xcconfig"; sourceTree = "<group>"; };
/* End PBXFileReference section */

/* Begin PBXFrameworksBuildPhase section */
		7BCAF6FE1E33189A006B2697 /* Frameworks */ = {
			isa = PBXFrameworksBuildPhase;
			buildActionMask = 2147483647;
			files = (
				7BCAF7071E33189A006B2697 /* Messages.framework in Frameworks */,
				687A337FE5A063A68569D4E1 /* Pods_MessagesExtension.framework in Frameworks */,
			);
			runOnlyForDeploymentPostprocessing = 0;
		};
		B64AD6B0FA4DFF7B0FBA0AFF /* Frameworks */ = {
			isa = PBXFrameworksBuildPhase;
			buildActionMask = 2147483647;
			files = (
				FC7EED7919299EC0CBF513C5 /* Pods_PetChat.framework in Frameworks */,
			);
			runOnlyForDeploymentPostprocessing = 0;
		};
/* End PBXFrameworksBuildPhase section */

/* Begin PBXGroup section */
		5F0A96B9D166CBFB1DD28A94 /* Pods */ = {
			isa = PBXGroup;
			children = (
				A7ED45953B5FE9BA0FC4CBCD /* Pods-MessagesExtension.debug.xcconfig */,
				D0B887F421CF1C4FD1466AED /* Pods-MessagesExtension.release.xcconfig */,
				9CE2787DBBCEE05510C9BCCB /* Pods-PetChat.debug.xcconfig */,
				65EF8A9E8B2FF8C235E04B87 /* Pods-PetChat.release.xcconfig */,
			);
			name = Pods;
			sourceTree = "<group>";
		};
		7BA187731E4D5832008DEF35 /* View */ = {
			isa = PBXGroup;
			children = (
				7BCAF71C1E331F8B006B2697 /* GridLayout.swift */,
				7BCAF71E1E331FAB006B2697 /* ImageCell.swift */,
			);
			name = View;
			sourceTree = "<group>";
		};
		7BA187741E4D5840008DEF35 /* Model */ = {
			isa = PBXGroup;
			children = (
				7BA187791E4D5DA7008DEF35 /* PetImage.swift */,
				7BA1877B1E4D5F11008DEF35 /* GridDataSource.swift */,
			);
			name = Model;
			sourceTree = "<group>";
		};
		7BA187751E4D5846008DEF35 /* Controller */ = {
			isa = PBXGroup;
			children = (
				7BCAF7091E33189A006B2697 /* MessagesViewController.swift */,
				7BCAF71A1E331F85006B2697 /* GridVC.swift */,
			);
			name = Controller;
			sourceTree = "<group>";
		};
		7BA187761E4D5B22008DEF35 /* Services */ = {
			isa = PBXGroup;
			children = (
				7BA187771E4D5B38008DEF35 /* Service.swift */,
			);
			name = Services;
			sourceTree = "<group>";
		};
		7BCAF6F01E33189A006B2697 = {
			isa = PBXGroup;
			children = (
				7BCAF6F91E33189A006B2697 /* PetChat */,
				7BCAF7081E33189A006B2697 /* MessagesExtension */,
				7BCAF7051E33189A006B2697 /* Frameworks */,
				7BCAF6F81E33189A006B2697 /* Products */,
				5F0A96B9D166CBFB1DD28A94 /* Pods */,
			);
			sourceTree = "<group>";
		};
		7BCAF6F81E33189A006B2697 /* Products */ = {
			isa = PBXGroup;
			children = (
				7BCAF6F71E33189A006B2697 /* PetChat.app */,
				7BCAF7011E33189A006B2697 /* MessagesExtension.appex */,
			);
			name = Products;
			sourceTree = "<group>";
		};
		7BCAF6F91E33189A006B2697 /* PetChat */ = {
			isa = PBXGroup;
			children = (
				7BCAF6FA1E33189A006B2697 /* Assets.xcassets */,
				7BCAF6FC1E33189A006B2697 /* Info.plist */,
			);
			path = PetChat;
			sourceTree = "<group>";
		};
		7BCAF7051E33189A006B2697 /* Frameworks */ = {
			isa = PBXGroup;
			children = (
				7BCAF7061E33189A006B2697 /* Messages.framework */,
				2C6E9FBB3CB783A6E87BECB5 /* Pods_MessagesExtension.framework */,
				2C373A439D42E55F0C323AD9 /* Pods_PetChat.framework */,
			);
			name = Frameworks;
			sourceTree = "<group>";
		};
		7BCAF7081E33189A006B2697 /* MessagesExtension */ = {
			isa = PBXGroup;
			children = (
				7BA187761E4D5B22008DEF35 /* Services */,
				7BA187751E4D5846008DEF35 /* Controller */,
				7BA187741E4D5840008DEF35 /* Model */,
				7BA187731E4D5832008DEF35 /* View */,
				7BCAF70B1E33189A006B2697 /* MainInterface.storyboard */,
				7BCAF70E1E33189A006B2697 /* Assets.xcassets */,
				7BCAF7101E33189A006B2697 /* Info.plist */,
			);
			path = MessagesExtension;
			sourceTree = "<group>";
		};
/* End PBXGroup section */

/* Begin PBXNativeTarget section */
		7BCAF6F61E33189A006B2697 /* PetChat */ = {
			isa = PBXNativeTarget;
			buildConfigurationList = 7BCAF7171E33189A006B2697 /* Build configuration list for PBXNativeTarget "PetChat" */;
			buildPhases = (
				37F236322E61081413DB2F32 /* [CP] Check Pods Manifest.lock */,
				7BCAF6F51E33189A006B2697 /* Resources */,
				7BCAF7161E33189A006B2697 /* Embed App Extensions */,
				B64AD6B0FA4DFF7B0FBA0AFF /* Frameworks */,
				5304F7315BFAFC625C70CDE0 /* [CP] Embed Pods Frameworks */,
				5887717475099E1B580384EB /* [CP] Copy Pods Resources */,
			);
			buildRules = (
			);
			dependencies = (
				7BCAF7041E33189A006B2697 /* PBXTargetDependency */,
			);
			name = PetChat;
			productName = PetChat;
			productReference = 7BCAF6F71E33189A006B2697 /* PetChat.app */;
			productType = "com.apple.product-type.application.messages";
		};
		7BCAF7001E33189A006B2697 /* MessagesExtension */ = {
			isa = PBXNativeTarget;
			buildConfigurationList = 7BCAF7131E33189A006B2697 /* Build configuration list for PBXNativeTarget "MessagesExtension" */;
			buildPhases = (
				F9B22EBC4534B93E104E2562 /* [CP] Check Pods Manifest.lock */,
				7BCAF6FD1E33189A006B2697 /* Sources */,
				7BCAF6FE1E33189A006B2697 /* Frameworks */,
				7BCAF6FF1E33189A006B2697 /* Resources */,
				4E52E298FCE6EA91DDBC004A /* [CP] Copy Pods Resources */,
			);
			buildRules = (
			);
			dependencies = (
			);
			name = MessagesExtension;
			productName = MessagesExtension;
			productReference = 7BCAF7011E33189A006B2697 /* MessagesExtension.appex */;
			productType = "com.apple.product-type.app-extension.messages";
		};
/* End PBXNativeTarget section */

/* Begin PBXProject section */
		7BCAF6F11E33189A006B2697 /* Project object */ = {
			isa = PBXProject;
			attributes = {
				LastSwiftUpdateCheck = 0810;
				LastUpgradeCheck = 0810;
				ORGANIZATIONNAME = "James Rochabrun";
				TargetAttributes = {
					7BCAF6F61E33189A006B2697 = {
						CreatedOnToolsVersion = 8.1;
						DevelopmentTeam = ULU46F325W;
						ProvisioningStyle = Automatic;
					};
					7BCAF7001E33189A006B2697 = {
						CreatedOnToolsVersion = 8.1;
						DevelopmentTeam = ULU46F325W;
						ProvisioningStyle = Automatic;
					};
				};
			};
			buildConfigurationList = 7BCAF6F41E33189A006B2697 /* Build configuration list for PBXProject "PetChat" */;
			compatibilityVersion = "Xcode 3.2";
			developmentRegion = English;
			hasScannedForEncodings = 0;
			knownRegions = (
				en,
				Base,
			);
			mainGroup = 7BCAF6F01E33189A006B2697;
			productRefGroup = 7BCAF6F81E33189A006B2697 /* Products */;
			projectDirPath = "";
			projectRoot = "";
			targets = (
				7BCAF6F61E33189A006B2697 /* PetChat */,
				7BCAF7001E33189A006B2697 /* MessagesExtension */,
			);
		};
/* End PBXProject section */

/* Begin PBXResourcesBuildPhase section */
		7BCAF6F51E33189A006B2697 /* Resources */ = {
			isa = PBXResourcesBuildPhase;
			buildActionMask = 2147483647;
			files = (
				7BCAF6FB1E33189A006B2697 /* Assets.xcassets in Resources */,
			);
			runOnlyForDeploymentPostprocessing = 0;
		};
		7BCAF6FF1E33189A006B2697 /* Resources */ = {
			isa = PBXResourcesBuildPhase;
			buildActionMask = 2147483647;
			files = (
				7BCAF70F1E33189A006B2697 /* Assets.xcassets in Resources */,
				7BCAF70D1E33189A006B2697 /* MainInterface.storyboard in Resources */,
			);
			runOnlyForDeploymentPostprocessing = 0;
		};
/* End PBXResourcesBuildPhase section */

/* Begin PBXShellScriptBuildPhase section */
		37F236322E61081413DB2F32 /* [CP] Check Pods Manifest.lock */ = {
			isa = PBXShellScriptBuildPhase;
			buildActionMask = 2147483647;
			files = (
			);
			inputPaths = (
			);
			name = "[CP] Check Pods Manifest.lock";
			outputPaths = (
			);
			runOnlyForDeploymentPostprocessing = 0;
			shellPath = /bin/sh;
			shellScript = "diff \"${PODS_ROOT}/../Podfile.lock\" \"${PODS_ROOT}/Manifest.lock\" > /dev/null\nif [ $? != 0 ] ; then\n    # print error to STDERR\n    echo \"error: The sandbox is not in sync with the Podfile.lock. Run 'pod install' or update your CocoaPods installation.\" >&2\n    exit 1\nfi\n";
			showEnvVarsInLog = 0;
		};
		4E52E298FCE6EA91DDBC004A /* [CP] Copy Pods Resources */ = {
			isa = PBXShellScriptBuildPhase;
			buildActionMask = 2147483647;
			files = (
			);
			inputPaths = (
			);
			name = "[CP] Copy Pods Resources";
			outputPaths = (
			);
			runOnlyForDeploymentPostprocessing = 0;
			shellPath = /bin/sh;
			shellScript = "\"${SRCROOT}/Pods/Target Support Files/Pods-MessagesExtension/Pods-MessagesExtension-resources.sh\"\n";
			showEnvVarsInLog = 0;
		};
		5304F7315BFAFC625C70CDE0 /* [CP] Embed Pods Frameworks */ = {
			isa = PBXShellScriptBuildPhase;
			buildActionMask = 2147483647;
			files = (
			);
			inputPaths = (
			);
			name = "[CP] Embed Pods Frameworks";
			outputPaths = (
			);
			runOnlyForDeploymentPostprocessing = 0;
			shellPath = /bin/sh;
			shellScript = "\"${SRCROOT}/Pods/Target Support Files/Pods-PetChat/Pods-PetChat-frameworks.sh\"\n";
			showEnvVarsInLog = 0;
		};
		5887717475099E1B580384EB /* [CP] Copy Pods Resources */ = {
			isa = PBXShellScriptBuildPhase;
			buildActionMask = 2147483647;
			files = (
			);
			inputPaths = (
			);
			name = "[CP] Copy Pods Resources";
			outputPaths = (
			);
			runOnlyForDeploymentPostprocessing = 0;
			shellPath = /bin/sh;
			shellScript = "\"${SRCROOT}/Pods/Target Support Files/Pods-PetChat/Pods-PetChat-resources.sh\"\n";
			showEnvVarsInLog = 0;
		};
		F9B22EBC4534B93E104E2562 /* [CP] Check Pods Manifest.lock */ = {
			isa = PBXShellScriptBuildPhase;
			buildActionMask = 2147483647;
			files = (
			);
			inputPaths = (
			);
			name = "[CP] Check Pods Manifest.lock";
			outputPaths = (
			);
			runOnlyForDeploymentPostprocessing = 0;
			shellPath = /bin/sh;
			shellScript = "diff \"${PODS_ROOT}/../Podfile.lock\" \"${PODS_ROOT}/Manifest.lock\" > /dev/null\nif [ $? != 0 ] ; then\n    # print error to STDERR\n    echo \"error: The sandbox is not in sync with the Podfile.lock. Run 'pod install' or update your CocoaPods installation.\" >&2\n    exit 1\nfi\n";
			showEnvVarsInLog = 0;
		};
/* End PBXShellScriptBuildPhase section */

/* Begin PBXSourcesBuildPhase section */
		7BCAF6FD1E33189A006B2697 /* Sources */ = {
			isa = PBXSourcesBuildPhase;
			buildActionMask = 2147483647;
			files = (
				7BA1877C1E4D5F11008DEF35 /* GridDataSource.swift in Sources */,
				7BCAF71D1E331F8B006B2697 /* GridLayout.swift in Sources */,
				7BCAF71F1E331FAB006B2697 /* ImageCell.swift in Sources */,
				7BA187781E4D5B38008DEF35 /* Service.swift in Sources */,
				7BCAF71B1E331F85006B2697 /* GridVC.swift in Sources */,
				7BCAF70A1E33189A006B2697 /* MessagesViewController.swift in Sources */,
				7BA1877A1E4D5DA7008DEF35 /* PetImage.swift in Sources */,
			);
			runOnlyForDeploymentPostprocessing = 0;
		};
/* End PBXSourcesBuildPhase section */

/* Begin PBXTargetDependency section */
		7BCAF7041E33189A006B2697 /* PBXTargetDependency */ = {
			isa = PBXTargetDependency;
			target = 7BCAF7001E33189A006B2697 /* MessagesExtension */;
			targetProxy = 7BCAF7031E33189A006B2697 /* PBXContainerItemProxy */;
		};
/* End PBXTargetDependency section */

/* Begin PBXVariantGroup section */
		7BCAF70B1E33189A006B2697 /* MainInterface.storyboard */ = {
			isa = PBXVariantGroup;
			children = (
				7BCAF70C1E33189A006B2697 /* Base */,
			);
			name = MainInterface.storyboard;
			sourceTree = "<group>";
		};
/* End PBXVariantGroup section */

/* Begin XCBuildConfiguration section */
		7BCAF7111E33189A006B2697 /* Debug */ = {
			isa = XCBuildConfiguration;
			buildSettings = {
				ALWAYS_SEARCH_USER_PATHS = NO;
				CLANG_ANALYZER_NONNULL = YES;
				CLANG_CXX_LANGUAGE_STANDARD = "gnu++0x";
				CLANG_CXX_LIBRARY = "libc++";
				CLANG_ENABLE_MODULES = YES;
				CLANG_ENABLE_OBJC_ARC = YES;
				CLANG_WARN_BOOL_CONVERSION = YES;
				CLANG_WARN_CONSTANT_CONVERSION = YES;
				CLANG_WARN_DIRECT_OBJC_ISA_USAGE = YES_ERROR;
				CLANG_WARN_DOCUMENTATION_COMMENTS = YES;
				CLANG_WARN_EMPTY_BODY = YES;
				CLANG_WARN_ENUM_CONVERSION = YES;
				CLANG_WARN_INFINITE_RECURSION = YES;
				CLANG_WARN_INT_CONVERSION = YES;
				CLANG_WARN_OBJC_ROOT_CLASS = YES_ERROR;
				CLANG_WARN_SUSPICIOUS_MOVES = YES;
				CLANG_WARN_UNREACHABLE_CODE = YES;
				CLANG_WARN__DUPLICATE_METHOD_MATCH = YES;
				"CODE_SIGN_IDENTITY[sdk=iphoneos*]" = "iPhone Developer";
				COPY_PHASE_STRIP = NO;
				DEBUG_INFORMATION_FORMAT = dwarf;
				ENABLE_STRICT_OBJC_MSGSEND = YES;
				ENABLE_TESTABILITY = YES;
				GCC_C_LANGUAGE_STANDARD = gnu99;
				GCC_DYNAMIC_NO_PIC = NO;
				GCC_NO_COMMON_BLOCKS = YES;
				GCC_OPTIMIZATION_LEVEL = 0;
				GCC_PREPROCESSOR_DEFINITIONS = (
					"DEBUG=1",
					"$(inherited)",
				);
				GCC_WARN_64_TO_32_BIT_CONVERSION = YES;
				GCC_WARN_ABOUT_RETURN_TYPE = YES_ERROR;
				GCC_WARN_UNDECLARED_SELECTOR = YES;
				GCC_WARN_UNINITIALIZED_AUTOS = YES_AGGRESSIVE;
				GCC_WARN_UNUSED_FUNCTION = YES;
				GCC_WARN_UNUSED_VARIABLE = YES;
				IPHONEOS_DEPLOYMENT_TARGET = 10.1;
				MTL_ENABLE_DEBUG_INFO = YES;
				ONLY_ACTIVE_ARCH = YES;
				SDKROOT = iphoneos;
				SWIFT_ACTIVE_COMPILATION_CONDITIONS = DEBUG;
				SWIFT_OPTIMIZATION_LEVEL = "-Onone";
				TARGETED_DEVICE_FAMILY = "1,2";
			};
			name = Debug;
		};
		7BCAF7121E33189A006B2697 /* Release */ = {
			isa = XCBuildConfiguration;
			buildSettings = {
				ALWAYS_SEARCH_USER_PATHS = NO;
				CLANG_ANALYZER_NONNULL = YES;
				CLANG_CXX_LANGUAGE_STANDARD = "gnu++0x";
				CLANG_CXX_LIBRARY = "libc++";
				CLANG_ENABLE_MODULES = YES;
				CLANG_ENABLE_OBJC_ARC = YES;
				CLANG_WARN_BOOL_CONVERSION = YES;
				CLANG_WARN_CONSTANT_CONVERSION = YES;
				CLANG_WARN_DIRECT_OBJC_ISA_USAGE = YES_ERROR;
				CLANG_WARN_DOCUMENTATION_COMMENTS = YES;
				CLANG_WARN_EMPTY_BODY = YES;
				CLANG_WARN_ENUM_CONVERSION = YES;
				CLANG_WARN_INFINITE_RECURSION = YES;
				CLANG_WARN_INT_CONVERSION = YES;
				CLANG_WARN_OBJC_ROOT_CLASS = YES_ERROR;
				CLANG_WARN_SUSPICIOUS_MOVES = YES;
				CLANG_WARN_UNREACHABLE_CODE = YES;
				CLANG_WARN__DUPLICATE_METHOD_MATCH = YES;
				"CODE_SIGN_IDENTITY[sdk=iphoneos*]" = "iPhone Developer";
				COPY_PHASE_STRIP = NO;
				DEBUG_INFORMATION_FORMAT = "dwarf-with-dsym";
				ENABLE_NS_ASSERTIONS = NO;
				ENABLE_STRICT_OBJC_MSGSEND = YES;
				GCC_C_LANGUAGE_STANDARD = gnu99;
				GCC_NO_COMMON_BLOCKS = YES;
				GCC_WARN_64_TO_32_BIT_CONVERSION = YES;
				GCC_WARN_ABOUT_RETURN_TYPE = YES_ERROR;
				GCC_WARN_UNDECLARED_SELECTOR = YES;
				GCC_WARN_UNINITIALIZED_AUTOS = YES_AGGRESSIVE;
				GCC_WARN_UNUSED_FUNCTION = YES;
				GCC_WARN_UNUSED_VARIABLE = YES;
				IPHONEOS_DEPLOYMENT_TARGET = 10.1;
				MTL_ENABLE_DEBUG_INFO = NO;
				SDKROOT = iphoneos;
				SWIFT_OPTIMIZATION_LEVEL = "-Owholemodule";
				TARGETED_DEVICE_FAMILY = "1,2";
				VALIDATE_PRODUCT = YES;
			};
			name = Release;
		};
		7BCAF7141E33189A006B2697 /* Debug */ = {
			isa = XCBuildConfiguration;
			baseConfigurationReference = A7ED45953B5FE9BA0FC4CBCD /* Pods-MessagesExtension.debug.xcconfig */;
			buildSettings = {
				ASSETCATALOG_COMPILER_APPICON_NAME = "iMessage App Icon";
				DEVELOPMENT_TEAM = ULU46F325W;
				INFOPLIST_FILE = MessagesExtension/Info.plist;
				LD_RUNPATH_SEARCH_PATHS = "$(inherited) @executable_path/Frameworks @executable_path/../../Frameworks";
				PRODUCT_BUNDLE_IDENTIFIER = com.speedelo.PetChat.MessagesExtension;
				PRODUCT_NAME = "$(TARGET_NAME)";
				SKIP_INSTALL = YES;
				SWIFT_VERSION = 3.0;
			};
			name = Debug;
		};
		7BCAF7151E33189A006B2697 /* Release */ = {
			isa = XCBuildConfiguration;
			baseConfigurationReference = D0B887F421CF1C4FD1466AED /* Pods-MessagesExtension.release.xcconfig */;
			buildSettings = {
				ASSETCATALOG_COMPILER_APPICON_NAME = "iMessage App Icon";
				DEVELOPMENT_TEAM = ULU46F325W;
				INFOPLIST_FILE = MessagesExtension/Info.plist;
				LD_RUNPATH_SEARCH_PATHS = "$(inherited) @executable_path/Frameworks @executable_path/../../Frameworks";
				PRODUCT_BUNDLE_IDENTIFIER = com.speedelo.PetChat.MessagesExtension;
				PRODUCT_NAME = "$(TARGET_NAME)";
				SKIP_INSTALL = YES;
				SWIFT_VERSION = 3.0;
			};
			name = Release;
		};
		7BCAF7181E33189A006B2697 /* Debug */ = {
			isa = XCBuildConfiguration;
			baseConfigurationReference = 9CE2787DBBCEE05510C9BCCB /* Pods-PetChat.debug.xcconfig */;
			buildSettings = {
				ALWAYS_EMBED_SWIFT_STANDARD_LIBRARIES = "$(inherited)";
				ASSETCATALOG_COMPILER_APPICON_NAME = AppIcon;
				DEVELOPMENT_TEAM = ULU46F325W;
				INFOPLIST_FILE = PetChat/Info.plist;
				PRODUCT_BUNDLE_IDENTIFIER = com.speedelo.PetChat;
				PRODUCT_NAME = "$(TARGET_NAME)";
				SWIFT_VERSION = 3.0;
			};
			name = Debug;
		};
		7BCAF7191E33189A006B2697 /* Release */ = {
			isa = XCBuildConfiguration;
			baseConfigurationReference = 65EF8A9E8B2FF8C235E04B87 /* Pods-PetChat.release.xcconfig */;
			buildSettings = {
				ALWAYS_EMBED_SWIFT_STANDARD_LIBRARIES = "$(inherited)";
				ASSETCATALOG_COMPILER_APPICON_NAME = AppIcon;
				DEVELOPMENT_TEAM = ULU46F325W;
				INFOPLIST_FILE = PetChat/Info.plist;
				PRODUCT_BUNDLE_IDENTIFIER = com.speedelo.PetChat;
				PRODUCT_NAME = "$(TARGET_NAME)";
				SWIFT_VERSION = 3.0;
			};
			name = Release;
		};
/* End XCBuildConfiguration section */

/* Begin XCConfigurationList section */
		7BCAF6F41E33189A006B2697 /* Build configuration list for PBXProject "PetChat" */ = {
			isa = XCConfigurationList;
			buildConfigurations = (
				7BCAF7111E33189A006B2697 /* Debug */,
				7BCAF7121E33189A006B2697 /* Release */,
			);
			defaultConfigurationIsVisible = 0;
			defaultConfigurationName = Release;
		};
		7BCAF7131E33189A006B2697 /* Build configuration list for PBXNativeTarget "MessagesExtension" */ = {
			isa = XCConfigurationList;
			buildConfigurations = (
				7BCAF7141E33189A006B2697 /* Debug */,
				7BCAF7151E33189A006B2697 /* Release */,
			);
			defaultConfigurationIsVisible = 0;
			defaultConfigurationName = Release;
		};
		7BCAF7171E33189A006B2697 /* Build configuration list for PBXNativeTarget "PetChat" */ = {
			isa = XCConfigurationList;
			buildConfigurations = (
				7BCAF7181E33189A006B2697 /* Debug */,
				7BCAF7191E33189A006B2697 /* Release */,
			);
			defaultConfigurationIsVisible = 0;
			defaultConfigurationName = Release;
		};
/* End XCConfigurationList section */
	};
	rootObject = 7BCAF6F11E33189A006B2697 /* Project object */;
}
